
Microsoft Visual Studio Solution File, Format Version 12.00
# Visual Studio Version 17
VisualStudioVersion = 17.8.34525.116
MinimumVisualStudioVersion = 10.0.40219.1
Project("{FAE04EC0-301F-11D3-BF4B-00C04F79EFBC}") = "PhotoBrowser", "PhotoBrowser\PhotoBrowser.csproj", "{ABA50FA3-990E-4D6C-8591-596A821BF2DF}"
EndProject
Global
	GlobalSection(SolutionConfigurationPlatforms) = preSolution
		Debug|Any CPU = Debug|Any CPU
		Release|Any CPU = Release|Any CPU
	EndGlobalSection
	GlobalSection(ProjectConfigurationPlatforms) = postSolution
		{ABA50FA3-990E-4D6C-8591-596A821BF2DF}.Debug|Any CPU.ActiveCfg = Debug|Any CPU
		{ABA50FA3-990E-4D6C-8591-596A821BF2DF}.Debug|Any CPU.Build.0 = Debug|Any CPU
		{ABA50FA3-990E-4D6C-8591-596A821BF2DF}.Release|Any CPU.ActiveCfg = Release|Any CPU
		{ABA50FA3-990E-4D6C-8591-596A821BF2DF}.Release|Any CPU.Build.0 = Release|Any CPU
	EndGlobalSection
	GlobalSection(SolutionProperties) = preSolution
		HideSolutionNode = FALSE
	EndGlobalSection
	GlobalSection(ExtensibilityGlobals) = postSolution
		SolutionGuid = {77B9A9EB-21CC-417A-BB94-D95D4CFB1E04}
	EndGlobalSection
EndGlobal
